
Microsoft Visual Studio Solution File, Format Version 12.00
# Visual Studio Version 16
VisualStudioVersion = 16.0.30204.135
MinimumVisualStudioVersion = 10.0.40219.1
Project("{888888A0-9F3D-457C-B088-3A5042F75D52}") = "Test py", "Test py\Test py.pyproj", "{88656E58-0291-4BCF-A15A-1384336B7E26}"
EndProject
Global
	GlobalSection(SolutionConfigurationPlatforms) = preSolution
		Debug|Any CPU = Debug|Any CPU
		Release|Any CPU = Release|Any CPU
	EndGlobalSection
	GlobalSection(ProjectConfigurationPlatforms) = postSolution
		{88656E58-0291-4BCF-A15A-1384336B7E26}.Debug|Any CPU.ActiveCfg = Debug|Any CPU
		{88656E58-0291-4BCF-A15A-1384336B7E26}.Release|Any CPU.ActiveCfg = Release|Any CPU
	EndGlobalSection
	GlobalSection(SolutionProperties) = preSolution
		HideSolutionNode = FALSE
	EndGlobalSection
	GlobalSection(ExtensibilityGlobals) = postSolution
		SolutionGuid = {C709B29B-4FE1-44A7-8653-C6030F326C0F}
	EndGlobalSection
EndGlobal
